# This file was autogenerated by Stack.
# You should not edit this file by hand.
# For more information, please see the documentation at:
#   https://docs.haskellstack.org/en/stable/topics/lock_files

packages:
- completed:
    hackage: hprox-0.7.1@sha256:835da09a5818815cc55eb6e65272637e0c5466913c905043410a011a47b81b55,5024
    pantry-tree:
      sha256: bca742bb6202599385c05f4d0487bd1f3bbfea2a40a261a76f9310866d6ba04e
      size: 2017
  original:
    hackage: hprox-0.7.1
- completed:
    name: warp
    pantry-tree:
      sha256: e7e32d355cd8c994a4782e4ae3783ab29cd341d518faef69edeac61b34dd53fd
      size: 4975
    sha256: fd0b321a10628d2d79d54b2b43dfce65be39bbbf96ffebc67c2f782e1c70d2c4
    size: 281707
    subdir: warp
    url: https://github.com/bjin/wai/archive/warp-3.4.13-patched.tar.gz
    version: 3.4.13
  original:
    subdir: warp
    url: https://github.com/bjin/wai/archive/warp-3.4.13-patched.tar.gz
- completed:
    name: quic
    pantry-tree:
      sha256: b814ddf00bdb97416edb0f413d037b1bc9c7e5ee94ea84cd3a95ee802ca07ec7
      size: 8185
    sha256: dd5a070abff96e6a507c4ac92d6aa408d49c66f6be91a2d6a961bd412ba59b35
    size: 226436
    url: https://github.com/bjin/quic/archive/fix-invalid-final-size-minimal.tar.gz
    version: 0.3.2
  original:
    url: https://github.com/bjin/quic/archive/fix-invalid-final-size-minimal.tar.gz
- completed:
    hackage: crypto-token-0.2.0@sha256:9b71882992548e489c0c176d1cd94025dc9fb91eafb49d2c50e53dd41aba06bb,1238
    pantry-tree:
      sha256: 92f270726426e2be3f3b01cb576bb8f13ebe38a749fe4493d9afb05e6e72a87f
      size: 320
  original:
    hackage: crypto-token-0.2.0
- completed:
    hackage: crypton-1.1.3@sha256:5620494924efcd1f8b4694a108fef2999610c68fce01a3a55ce1e7544363300d,15142
    pantry-tree:
      sha256: b2936ca4bf4eed202ce68bf58228cc390ef1779d021ae48e9c9e1058346a102c
      size: 23413
  original:
    hackage: crypton-1.1.3
- completed:
    hackage: crypton-asn1-encoding-0.10.0@sha256:45494a1723a047a815d0d620481c1028dca28a4ea5cf2554868687da90753961,2497
    pantry-tree:
      sha256: c2ff6c426e6910075a971ee2801d200c8dc0f88cfcb8619534097902e6e655a8
      size: 1011
  original:
    hackage: crypton-asn1-encoding-0.10.0
- completed:
    hackage: crypton-asn1-parse-0.10.0@sha256:4a2cfc4980957d1a279ef69137ee5f665c247ccd8bb962812d5b071d543893fb,1359
    pantry-tree:
      sha256: c78bd2c09da1390c124cff07844ddb99778a8cff82df98c5d53b52adb04dfef9
      size: 326
  original:
    hackage: crypton-asn1-parse-0.10.0
- completed:
    hackage: crypton-asn1-types-0.4.1@sha256:02f3ec473011b3da92f7bf738bea19cadf88a6470b25a6cb5042216c7549c912,1326
    pantry-tree:
      sha256: 03e810ce724980eacfd49ed816d769ae74769f3941d8cc3c9067de4a896eedf2
      size: 722
  original:
    hackage: crypton-asn1-types-0.4.1
- completed:
    hackage: crypton-connection-0.4.6@sha256:a3764a44de9f43b1e9f590009ebbea1401fc3911e3ba41ce4d9b93d9f2a8d22e,1599
    pantry-tree:
      sha256: 87455e2624bb4ee57043d5c64854b07c7d83cf90a69c5f02447dc6bd79a1d82d
      size: 464
  original:
    hackage: crypton-connection-0.4.6
- completed:
    hackage: crypton-socks-0.6.2@sha256:19f8f9a8c1973905ec000ea431bb4454a9c437b80f1e5f5f83ff84b964c49885,2017
    pantry-tree:
      sha256: 0f434eabfbedf6e348b32d64263478d08d031e553fbcf2ea6e3e9cc3be538ae8
      size: 791
  original:
    hackage: crypton-socks-0.6.2
- completed:
    hackage: crypton-x509-1.9.0@sha256:66a1bc2a47db64c19f83b93667b79508c1790d72fc6f11acc79dcf40459cee03,2010
    pantry-tree:
      sha256: 10a3a6f738bb249f33378c806bc2bdbbf2912a7b859e1b4d151540340ae60487
      size: 1132
  original:
    hackage: crypton-x509-1.9.0
- completed:
    hackage: crypton-x509-store-1.9.0@sha256:9746160b993c24c175e560e27051dfe4616c6413014712776f1297e2ca8bba8a,1700
    pantry-tree:
      sha256: 52bdc316b066536be88adc53b141f52e292c074a79d72bf57688cd78fc463871
      size: 458
  original:
    hackage: crypton-x509-store-1.9.0
- completed:
    hackage: crypton-x509-system-1.9.0@sha256:ccdc92bf98d7693c63dc680ff665b6487a28a701003dbee6695a6dbd38244392,1539
    pantry-tree:
      sha256: ff147d414b88b2ed368ad2d28167ba3126cd180aa2932555563e7a089d807775
      size: 512
  original:
    hackage: crypton-x509-system-1.9.0
- completed:
    hackage: crypton-x509-validation-1.9.0@sha256:dd0b5b88eaf8aaf3675e7cf7f7c062822be349561dcff25d1266b8ade7364233,2030
    pantry-tree:
      sha256: 8ba5e5159e3746bdf8319b7a82de13d815575ed6b01f5ea3ea7c6ccd15abbb9b
      size: 691
  original:
    hackage: crypton-x509-validation-1.9.0
- completed:
    hackage: hpke-0.1.0@sha256:fb107670a0aeb91b4626e0b1dff4e7ec3342e48931cc994938d95af1a23f645d,1801
    pantry-tree:
      sha256: 9bb04f6d3456c81ac18fa50815c128cef8f86b5676f08af4037930e0fbd7cf76
      size: 1320
  original:
    hackage: hpke-0.1.0
- completed:
    hackage: http-client-tls-0.4.0@sha256:39fc60a864134946c773953fb96a836cd769b3af6fa03a4bfc547168a15e541d,2117
    pantry-tree:
      sha256: bd70a8c19ffb88ba8b26f803e4dcf6af24010f14321be26ff764bb6f236ce2e5
      size: 435
  original:
    hackage: http-client-tls-0.4.0
- completed:
    hackage: http-semantics-0.4.0@sha256:da8a98d542b2032cc12590847179577b0208a52bb3b9aa9a07c08d27d2a1714c,1513
    pantry-tree:
      sha256: d0e08875907c0fbff71813747fd93ce7bfd4e3d4a6b979df5c137430a9130f1d
      size: 1188
  original:
    hackage: http-semantics-0.4.0
- completed:
    hackage: http2-5.4.0@sha256:2e5e41a4e8a91e7fcf06b02dcd56dd38283edf785607637ec11d7035965e5e23,11047
    pantry-tree:
      sha256: 181856c66e3db92685af3797ceb635f679cd444a300c1f0d0167a37a604b24f4
      size: 44864
  original:
    hackage: http2-5.4.0
- completed:
    hackage: http3-0.1.3@sha256:8c024d32839b0041088c44d4b1f7c2d7d4b5a3a845873d169c65fd0ac9e550b5,6068
    pantry-tree:
      sha256: f1759da4b273e427d234aa27b0eec6c9060a54cb9cf4c15dca40c1a29618dc9b
      size: 52542
  original:
    hackage: http3-0.1.3
- completed:
    hackage: mlkem-0.2.0.0@sha256:c51d0779dc69ff375420444ffa2f0ce9229bd8e967eb4b17216c0fa85a53984f,4703
    pantry-tree:
      sha256: 929efd4e09b8091a9ea852f9f1756e04c221c301386e6957909d046537afe529
      size: 1667
  original:
    hackage: mlkem-0.2.0.0
- completed:
    hackage: network-udp-0.0.0@sha256:408d2d4fa1a25e49e95752ee124cca641993404bb133ae10fb81daef22d876ae,1075
    pantry-tree:
      sha256: ee19a66c9d420861c5cc1dfad3210e2a53cdc6088ff3dd90b44f7961f5caebee
      size: 284
  original:
    hackage: network-udp-0.0.0
- completed:
    hackage: ram-0.22.0@sha256:f6ce64a025929eb6ce42deeb80d072960a9ea2d83b9b9b28de668cc2b623127c,2814
    pantry-tree:
      sha256: 701a4505989d85ba17aabe4695bc63eabffbbb61fc6af195c63e526d77181f83
      size: 2285
  original:
    hackage: ram-0.22.0
- completed:
    hackage: sockaddr-0.0.1@sha256:509bebd377a2f3649d27ad1d40afedf76169883644475497b22d308ed79b27c9,789
    pantry-tree:
      sha256: 07fd469a73c8f74a7108264f5dd52d7bee87d830c4aec1ba3d8e0f3dbafbccf4
      size: 165
  original:
    hackage: sockaddr-0.0.1
- completed:
    hackage: time-hourglass-0.3.0@sha256:ee02356fe24919ec43ae17fc0007398c2fd0bbe822833b2d7a9c849537b90580,3114
    pantry-tree:
      sha256: 7d6acc1a643fe8692d1858c96cc04a417b8da53e53b6bdba6fe0ce6aa6aba774
      size: 1594
  original:
    hackage: time-hourglass-0.3.0
- completed:
    hackage: tls-2.4.2@sha256:39b5cf652f287baa3de345b56122533b75ba88d4fac1027ec313046a52086451,7686
    pantry-tree:
      sha256: 801f9678ac7f9520a48b6fa0a70969d2cdff90b76d7d05d88780ae393cc1b37e
      size: 7127
  original:
    hackage: tls-2.4.2
- completed:
    hackage: tls-session-manager-0.1.0@sha256:d5ba36a5d811da59fc668922bda0722dbc04e35e3ecf9976e43fda8f1dd854d4,1130
    pantry-tree:
      sha256: 37920db7a590c53a75ecdfd751755e5ec6630ba47cf1060b2abeca645d27f6b5
      size: 416
  original:
    hackage: tls-session-manager-0.1.0
- completed:
    hackage: warp-quic-0.0.3@sha256:e2df51ff2d48aa46b0c73c75dd849de4778d73d6bc6929e1cbf1f6f4a58fdd17,902
    pantry-tree:
      sha256: f6f0edf6df5a5085097bca95f0ca0050147383f67ee81a2ead440f58d0f04572
      size: 276
  original:
    hackage: warp-quic-0.0.3@rev:1
snapshots:
- completed:
    sha256: e9e41fa6ceba9911de922014632ed66aa6f87af0cf92fc54f0e1835176a5be06
    size: 732456
    url: https://raw.githubusercontent.com/commercialhaskell/stackage-snapshots/master/lts/24/45.yaml
  original: lts-24.45
